# THIS IS AN AUTOGENERATED FILE. DO NOT EDIT THIS FILE DIRECTLY.
# yarn lockfile v1


base64url@2.0.0, base64url@^2.0.0:
  version "2.0.0"
  resolved "https://registry.yarnpkg.com/base64url/-/base64url-2.0.0.tgz#eac16e03ea1438eff9423d69baa36262ed1f70bb"

bson@~1.0.4:
  version "1.0.4"
  resolved "https://registry.yarnpkg.com/bson/-/bson-1.0.4.tgz#93c10d39eaa5b58415cbc4052f3e53e562b0b72c"

buffer-equal-constant-time@1.0.1:
  version "1.0.1"
  resolved "https://registry.yarnpkg.com/buffer-equal-constant-time/-/buffer-equal-constant-time-1.0.1.tgz#f8e71132f7ffe6e01a5c9697a4c6f3e48d5cc819"

buffer-shims@~1.0.0:
  version "1.0.0"
  resolved "https://registry.yarnpkg.com/buffer-shims/-/buffer-shims-1.0.0.tgz#9978ce317388c649ad8793028c3477ef044a8b51"

core-util-is@~1.0.0:
  version "1.0.2"
  resolved "https://registry.yarnpkg.com/core-util-is/-/core-util-is-1.0.2.tgz#b5fd54220aa2bc5ab57aab7140c940754503c1a7"

ecdsa-sig-formatter@1.0.9:
  version "1.0.9"
  resolved "https://registry.yarnpkg.com/ecdsa-sig-formatter/-/ecdsa-sig-formatter-1.0.9.tgz#4bc926274ec3b5abb5016e7e1d60921ac262b2a1"
  dependencies:
    base64url "^2.0.0"
    safe-buffer "^5.0.1"

es6-promise@3.2.1:
  version "3.2.1"
  resolved "https://registry.yarnpkg.com/es6-promise/-/es6-promise-3.2.1.tgz#ec56233868032909207170c39448e24449dd1fc4"

hoek@2.x.x:
  version "2.16.3"
  resolved "https://registry.yarnpkg.com/hoek/-/hoek-2.16.3.tgz#20bb7403d3cea398e91dc4710a8ff1b8274a25ed"

inherits@~2.0.1:
  version "2.0.3"
  resolved "https://registry.yarnpkg.com/inherits/-/inherits-2.0.3.tgz#633c2c83e3da42a502f52466022480f4208261de"

isarray@~1.0.0:
  version "1.0.0"
  resolved "https://registry.yarnpkg.com/isarray/-/isarray-1.0.0.tgz#bb935d48582cba168c06834957a54a3e07124f11"

isemail@1.x.x:
  version "1.2.0"
  resolved "https://registry.yarnpkg.com/isemail/-/isemail-1.2.0.tgz#be03df8cc3e29de4d2c5df6501263f1fa4595e9a"

joi@^6.10.1:
  version "6.10.1"
  resolved "https://registry.yarnpkg.com/joi/-/joi-6.10.1.tgz#4d50c318079122000fe5f16af1ff8e1917b77e06"
  dependencies:
    hoek "2.x.x"
    isemail "1.x.x"
    moment "2.x.x"
    topo "1.x.x"

jsonwebtoken@^7.4.1:
  version "7.4.1"
  resolved "https://registry.yarnpkg.com/jsonwebtoken/-/jsonwebtoken-7.4.1.tgz#7ca324f5215f8be039cd35a6c45bb8cb74a448fb"
  dependencies:
    joi "^6.10.1"
    jws "^3.1.4"
    lodash.once "^4.0.0"
    ms "^2.0.0"
    xtend "^4.0.1"

jwa@^1.1.4:
  version "1.1.5"
  resolved "https://registry.yarnpkg.com/jwa/-/jwa-1.1.5.tgz#a0552ce0220742cd52e153774a32905c30e756e5"
  dependencies:
    base64url "2.0.0"
    buffer-equal-constant-time "1.0.1"
    ecdsa-sig-formatter "1.0.9"
    safe-buffer "^5.0.1"

jws@^3.1.4:
  version "3.1.4"
  resolved "https://registry.yarnpkg.com/jws/-/jws-3.1.4.tgz#f9e8b9338e8a847277d6444b1464f61880e050a2"
  dependencies:
    base64url "^2.0.0"
    jwa "^1.1.4"
    safe-buffer "^5.0.1"

localStorage@^1.0.3:
  version "1.0.3"
  resolved "https://registry.yarnpkg.com/localStorage/-/localStorage-1.0.3.tgz#e6b89a57bb760a156a38cc87e0f2550f6ed413d8"

lodash.once@^4.0.0:
  version "4.1.1"
  resolved "https://registry.yarnpkg.com/lodash.once/-/lodash.once-4.1.1.tgz#0dd3971213c7c56df880977d504c88fb471a97ac"

moment@2.x.x:
  version "2.18.1"
  resolved "https://registry.yarnpkg.com/moment/-/moment-2.18.1.tgz#c36193dd3ce1c2eed2adb7c802dbbc77a81b1c0f"

mongodb-core@2.1.12:
  version "2.1.12"
  resolved "https://registry.yarnpkg.com/mongodb-core/-/mongodb-core-2.1.12.tgz#1531192511bc16ef160ac6ae0cc46776ffd8451d"
  dependencies:
    bson "~1.0.4"
    require_optional "~1.0.0"

mongodb@^2.2.26:
  version "2.2.28"
  resolved "https://registry.yarnpkg.com/mongodb/-/mongodb-2.2.28.tgz#d8ff45754366e03973fa259bf4f11447858da657"
  dependencies:
    es6-promise "3.2.1"
    mongodb-core "2.1.12"
    readable-stream "2.2.7"

ms@^2.0.0:
  version "2.0.0"
  resolved "https://registry.yarnpkg.com/ms/-/ms-2.0.0.tgz#5608aeadfc00be6c2901df5f9861788de0d597c8"

process-nextick-args@~1.0.6:
  version "1.0.7"
  resolved "https://registry.yarnpkg.com/process-nextick-args/-/process-nextick-args-1.0.7.tgz#150e20b756590ad3f91093f25a4f2ad8bff30ba3"

readable-stream@2.2.7:
  version "2.2.7"
  resolved "https://registry.yarnpkg.com/readable-stream/-/readable-stream-2.2.7.tgz#07057acbe2467b22042d36f98c5ad507054e95b1"
  dependencies:
    buffer-shims "~1.0.0"
    core-util-is "~1.0.0"
    inherits "~2.0.1"
    isarray "~1.0.0"
    process-nextick-args "~1.0.6"
    string_decoder "~1.0.0"
    util-deprecate "~1.0.1"

require_optional@~1.0.0:
  version "1.0.0"
  resolved "https://registry.yarnpkg.com/require_optional/-/require_optional-1.0.0.tgz#52a86137a849728eb60a55533617f8f914f59abf"
  dependencies:
    resolve-from "^2.0.0"
    semver "^5.1.0"

resolve-from@^2.0.0:
  version "2.0.0"
  resolved "https://registry.yarnpkg.com/resolve-from/-/resolve-from-2.0.0.tgz#9480ab20e94ffa1d9e80a804c7ea147611966b57"

safe-buffer@^5.0.1:
  version "5.1.0"
  resolved "https://registry.yarnpkg.com/safe-buffer/-/safe-buffer-5.1.0.tgz#fe4c8460397f9eaaaa58e73be46273408a45e223"

semver@^5.1.0:
  version "5.3.0"
  resolved "https://registry.yarnpkg.com/semver/-/semver-5.3.0.tgz#9b2ce5d3de02d17c6012ad326aa6b4d0cf54f94f"

string_decoder@~1.0.0:
  version "1.0.1"
  resolved "https://registry.yarnpkg.com/string_decoder/-/string_decoder-1.0.1.tgz#62e200f039955a6810d8df0a33ffc0f013662d98"
  dependencies:
    safe-buffer "^5.0.1"

topo@1.x.x:
  version "1.1.0"
  resolved "https://registry.yarnpkg.com/topo/-/topo-1.1.0.tgz#e9d751615d1bb87dc865db182fa1ca0a5ef536d5"
  dependencies:
    hoek "2.x.x"

util-deprecate@~1.0.1:
  version "1.0.2"
  resolved "https://registry.yarnpkg.com/util-deprecate/-/util-deprecate-1.0.2.tgz#450d4dc9fa70de732762fbd2d4a28981419a0ccf"

xtend@^4.0.1:
  version "4.0.1"
  resolved "https://registry.yarnpkg.com/xtend/-/xtend-4.0.1.tgz#a5c6d532be656e23db820efb943a1f04998d63af"
